// !$*UTF8*$!
{
	archiveVersion = 1;
	classes = {
	};
	objectVersion = 56;
	objects = {

/* Begin PBXBuildFile section */
		B215DFE12C005DBD004BBB1A /* KeyboardState.swift in Sources */ = {isa = PBXBuildFile; fileRef = B215DFE02C005DBD004BBB1A /* KeyboardState.swift */; };
		B285A5F62C0CC0D400817E90 /* Automata.swift in Sources */ = {isa = PBXBuildFile; fileRef = B285A5F52C0CC0D400817E90 /* Automata.swift */; };
		B2E23DAA2C00311E0049EBFD /* AppDelegate.swift in Sources */ = {isa = PBXBuildFile; fileRef = B2E23DA92C00311E0049EBFD /* AppDelegate.swift */; };
		B2E23DAC2C00311E0049EBFD /* SceneDelegate.swift in Sources */ = {isa = PBXBuildFile; fileRef = B2E23DAB2C00311E0049EBFD /* SceneDelegate.swift */; };
		B2E23DAE2C00311E0049EBFD /* ViewController.swift in Sources */ = {isa = PBXBuildFile; fileRef = B2E23DAD2C00311E0049EBFD /* ViewController.swift */; };
		B2E23DB32C00311F0049EBFD /* Assets.xcassets in Resources */ = {isa = PBXBuildFile; fileRef = B2E23DB22C00311F0049EBFD /* Assets.xcassets */; };
		B2E23DB62C00311F0049EBFD /* Base in Resources */ = {isa = PBXBuildFile; fileRef = B2E23DB52C00311F0049EBFD /* Base */; };
		B2E23DC42C00312C0049EBFD /* KeyboardViewController.swift in Sources */ = {isa = PBXBuildFile; fileRef = B2E23DC32C00312C0049EBFD /* KeyboardViewController.swift */; };
		B2E23DC82C00312C0049EBFD /* Keyboard.appex in Embed Foundation Extensions */ = {isa = PBXBuildFile; fileRef = B2E23DC12C00312C0049EBFD /* Keyboard.appex */; settings = {ATTRIBUTES = (RemoveHeadersOnCopy, ); }; };
		B2E8AEA72C0C5C79006EF51C /* KeyboardConstants.swift in Sources */ = {isa = PBXBuildFile; fileRef = B2E8AEA62C0C5C79006EF51C /* KeyboardConstants.swift */; };
		B2E8AEA92C0C5D7B006EF51C /* KeyboardKey.swift in Sources */ = {isa = PBXBuildFile; fileRef = B2E8AEA82C0C5D7B006EF51C /* KeyboardKey.swift */; };
		B2E8AEAB2C0C6286006EF51C /* KeyboardOverlay.swift in Sources */ = {isa = PBXBuildFile; fileRef = B2E8AEAA2C0C6286006EF51C /* KeyboardOverlay.swift */; };
		B2E8AEAE2C0C8B36006EF51C /* KeyGestureLookupTable.swift in Sources */ = {isa = PBXBuildFile; fileRef = B2E8AEAD2C0C8B36006EF51C /* KeyGestureLookupTable.swift */; };
/* End PBXBuildFile section */

/* Begin PBXContainerItemProxy section */
		B2E23DC62C00312C0049EBFD /* PBXContainerItemProxy */ = {
			isa = PBXContainerItemProxy;
			containerPortal = B2E23D9E2C00311E0049EBFD /* Project object */;
			proxyType = 1;
			remoteGlobalIDString = B2E23DC02C00312C0049EBFD;
			remoteInfo = Keyboard;
		};
/* End PBXContainerItemProxy section */

/* Begin PBXCopyFilesBuildPhase section */
		B2E23DCC2C00312C0049EBFD /* Embed Foundation Extensions */ = {
			isa = PBXCopyFilesBuildPhase;
			buildActionMask = 2147483647;
			dstPath = "";
			dstSubfolderSpec = 13;
			files = (
				B2E23DC82C00312C0049EBFD /* Keyboard.appex in Embed Foundation Extensions */,
			);
			name = "Embed Foundation Extensions";
			runOnlyForDeploymentPostprocessing = 0;
		};
/* End PBXCopyFilesBuildPhase section */

/* Begin PBXFileReference section */
		B215DFE02C005DBD004BBB1A /* KeyboardState.swift */ = {isa = PBXFileReference; lastKnownFileType = sourcecode.swift; path = KeyboardState.swift; sourceTree = "<group>"; };
		B285A5F52C0CC0D400817E90 /* Automata.swift */ = {isa = PBXFileReference; lastKnownFileType = sourcecode.swift; path = Automata.swift; sourceTree = "<group>"; };
		B2E23DA62C00311E0049EBFD /* KeyboardExperiment.app */ = {isa = PBXFileReference; explicitFileType = wrapper.application; includeInIndex = 0; path = KeyboardExperiment.app; sourceTree = BUILT_PRODUCTS_DIR; };
		B2E23DA92C00311E0049EBFD /* AppDelegate.swift */ = {isa = PBXFileReference; lastKnownFileType = sourcecode.swift; path = AppDelegate.swift; sourceTree = "<group>"; };
		B2E23DAB2C00311E0049EBFD /* SceneDelegate.swift */ = {isa = PBXFileReference; lastKnownFileType = sourcecode.swift; path = SceneDelegate.swift; sourceTree = "<group>"; };
		B2E23DAD2C00311E0049EBFD /* ViewController.swift */ = {isa = PBXFileReference; lastKnownFileType = sourcecode.swift; path = ViewController.swift; sourceTree = "<group>"; };
		B2E23DB22C00311F0049EBFD /* Assets.xcassets */ = {isa = PBXFileReference; lastKnownFileType = folder.assetcatalog; path = Assets.xcassets; sourceTree = "<group>"; };
		B2E23DB52C00311F0049EBFD /* Base */ = {isa = PBXFileReference; lastKnownFileType = file.storyboard; name = Base; path = Base.lproj/LaunchScreen.storyboard; sourceTree = "<group>"; };
		B2E23DB72C00311F0049EBFD /* Info.plist */ = {isa = PBXFileReference; lastKnownFileType = text.plist.xml; path = Info.plist; sourceTree = "<group>"; };
		B2E23DC12C00312C0049EBFD /* Keyboard.appex */ = {isa = PBXFileReference; explicitFileType = "wrapper.app-extension"; includeInIndex = 0; path = Keyboard.appex; sourceTree = BUILT_PRODUCTS_DIR; };
		B2E23DC32C00312C0049EBFD /* KeyboardViewController.swift */ = {isa = PBXFileReference; lastKnownFileType = sourcecode.swift; path = KeyboardViewController.swift; sourceTree = "<group>"; };
		B2E23DC52C00312C0049EBFD /* Info.plist */ = {isa = PBXFileReference; lastKnownFileType = text.plist.xml; path = Info.plist; sourceTree = "<group>"; };
		B2E23DCD2C003AFC0049EBFD /* ko */ = {isa = PBXFileReference; lastKnownFileType = text.plist.strings; name = ko; path = ko.lproj/LaunchScreen.strings; sourceTree = "<group>"; };
		B2E8AEA62C0C5C79006EF51C /* KeyboardConstants.swift */ = {isa = PBXFileReference; lastKnownFileType = sourcecode.swift; path = KeyboardConstants.swift; sourceTree = "<group>"; };
		B2E8AEA82C0C5D7B006EF51C /* KeyboardKey.swift */ = {isa = PBXFileReference; lastKnownFileType = sourcecode.swift; path = KeyboardKey.swift; sourceTree = "<group>"; };
		B2E8AEAA2C0C6286006EF51C /* KeyboardOverlay.swift */ = {isa = PBXFileReference; lastKnownFileType = sourcecode.swift; path = KeyboardOverlay.swift; sourceTree = "<group>"; };
		B2E8AEAD2C0C8B36006EF51C /* KeyGestureLookupTable.swift */ = {isa = PBXFileReference; lastKnownFileType = sourcecode.swift; path = KeyGestureLookupTable.swift; sourceTree = "<group>"; };
/* End PBXFileReference section */

/* Begin PBXFrameworksBuildPhase section */
		B2E23DA32C00311E0049EBFD /* Frameworks */ = {
			isa = PBXFrameworksBuildPhase;
			buildActionMask = 2147483647;
			files = (
			);
			runOnlyForDeploymentPostprocessing = 0;
		};
		B2E23DBE2C00312C0049EBFD /* Frameworks */ = {
			isa = PBXFrameworksBuildPhase;
			buildActionMask = 2147483647;
			files = (
			);
			runOnlyForDeploymentPostprocessing = 0;
		};
/* End PBXFrameworksBuildPhase section */

/* Begin PBXGroup section */
		B2E23D9D2C00311E0049EBFD = {
			isa = PBXGroup;
			children = (
				B2E23DA82C00311E0049EBFD /* KeyboardExperiment */,
				B2E23DC22C00312C0049EBFD /* Keyboard */,
				B2E23DA72C00311E0049EBFD /* Products */,
			);
			sourceTree = "<group>";
		};
		B2E23DA72C00311E0049EBFD /* Products */ = {
			isa = PBXGroup;
			children = (
				B2E23DA62C00311E0049EBFD /* KeyboardExperiment.app */,
				B2E23DC12C00312C0049EBFD /* Keyboard.appex */,
			);
			name = Products;
			sourceTree = "<group>";
		};
		B2E23DA82C00311E0049EBFD /* KeyboardExperiment */ = {
			isa = PBXGroup;
			children = (
				B2E23DA92C00311E0049EBFD /* AppDelegate.swift */,
				B2E23DAB2C00311E0049EBFD /* SceneDelegate.swift */,
				B2E23DAD2C00311E0049EBFD /* ViewController.swift */,
				B2E23DB22C00311F0049EBFD /* Assets.xcassets */,
				B2E23DB42C00311F0049EBFD /* LaunchScreen.storyboard */,
				B2E23DB72C00311F0049EBFD /* Info.plist */,
				B2E8AEA82C0C5D7B006EF51C /* KeyboardKey.swift */,
				B285A5F52C0CC0D400817E90 /* Automata.swift */,
				B2E8AEAD2C0C8B36006EF51C /* KeyGestureLookupTable.swift */,
				B2E8AEAA2C0C6286006EF51C /* KeyboardOverlay.swift */,
			);
			path = KeyboardExperiment;
			sourceTree = "<group>";
		};
		B2E23DC22C00312C0049EBFD /* Keyboard */ = {
			isa = PBXGroup;
			children = (
				B2E23DC32C00312C0049EBFD /* KeyboardViewController.swift */,
				B215DFE02C005DBD004BBB1A /* KeyboardState.swift */,
				B2E23DC52C00312C0049EBFD /* Info.plist */,
				B2E8AEA62C0C5C79006EF51C /* KeyboardConstants.swift */,
			);
			path = Keyboard;
			sourceTree = "<group>";
		};
/* End PBXGroup section */

/* Begin PBXNativeTarget section */
		B2E23DA52C00311E0049EBFD /* KeyboardExperiment */ = {
			isa = PBXNativeTarget;
			buildConfigurationList = B2E23DBA2C00311F0049EBFD /* Build configuration list for PBXNativeTarget "KeyboardExperiment" */;
			buildPhases = (
				B2E23DA22C00311E0049EBFD /* Sources */,
				B2E23DA32C00311E0049EBFD /* Frameworks */,
				B2E23DA42C00311E0049EBFD /* Resources */,
				B2E23DCC2C00312C0049EBFD /* Embed Foundation Extensions */,
			);
			buildRules = (
			);
			dependencies = (
				B2E23DC72C00312C0049EBFD /* PBXTargetDependency */,
			);
			name = KeyboardExperiment;
			productName = KeyboardExperiment;
			productReference = B2E23DA62C00311E0049EBFD /* KeyboardExperiment.app */;
			productType = "com.apple.product-type.application";
		};
		B2E23DC02C00312C0049EBFD /* Keyboard */ = {
			isa = PBXNativeTarget;
			buildConfigurationList = B2E23DC92C00312C0049EBFD /* Build configuration list for PBXNativeTarget "Keyboard" */;
			buildPhases = (
				B2E23DBD2C00312C0049EBFD /* Sources */,
				B2E23DBE2C00312C0049EBFD /* Frameworks */,
				B2E23DBF2C00312C0049EBFD /* Resources */,
			);
			buildRules = (
			);
			dependencies = (
			);
			name = Keyboard;
			productName = Keyboard;
			productReference = B2E23DC12C00312C0049EBFD /* Keyboard.appex */;
			productType = "com.apple.product-type.app-extension";
		};
/* End PBXNativeTarget section */

/* Begin PBXProject section */
		B2E23D9E2C00311E0049EBFD /* Project object */ = {
			isa = PBXProject;
			attributes = {
				BuildIndependentTargetsInParallel = 1;
				LastSwiftUpdateCheck = 1540;
				LastUpgradeCheck = 1540;
				TargetAttributes = {
					B2E23DA52C00311E0049EBFD = {
						CreatedOnToolsVersion = 15.4;
					};
					B2E23DC02C00312C0049EBFD = {
						CreatedOnToolsVersion = 15.4;
					};
				};
			};
			buildConfigurationList = B2E23DA12C00311E0049EBFD /* Build configuration list for PBXProject "KeyboardExperiment" */;
			compatibilityVersion = "Xcode 14.0";
			developmentRegion = ko;
			hasScannedForEncodings = 0;
			knownRegions = (
				Base,
				ko,
			);
			mainGroup = B2E23D9D2C00311E0049EBFD;
			productRefGroup = B2E23DA72C00311E0049EBFD /* Products */;
			projectDirPath = "";
			projectRoot = "";
			targets = (
				B2E23DA52C00311E0049EBFD /* KeyboardExperiment */,
				B2E23DC02C00312C0049EBFD /* Keyboard */,
			);
		};
/* End PBXProject section */

/* Begin PBXResourcesBuildPhase section */
		B2E23DA42C00311E0049EBFD /* Resources */ = {
			isa = PBXResourcesBuildPhase;
			buildActionMask = 2147483647;
			files = (
				B2E23DB32C00311F0049EBFD /* Assets.xcassets in Resources */,
				B2E23DB62C00311F0049EBFD /* Base in Resources */,
			);
			runOnlyForDeploymentPostprocessing = 0;
		};
		B2E23DBF2C00312C0049EBFD /* Resources */ = {
			isa = PBXResourcesBuildPhase;
			buildActionMask = 2147483647;
			files = (
			);
			runOnlyForDeploymentPostprocessing = 0;
		};
/* End PBXResourcesBuildPhase section */

/* Begin PBXSourcesBuildPhase section */
		B2E23DA22C00311E0049EBFD /* Sources */ = {
			isa = PBXSourcesBuildPhase;
			buildActionMask = 2147483647;
			files = (
				B2E23DAE2C00311E0049EBFD /* ViewController.swift in Sources */,
				B2E8AEAB2C0C6286006EF51C /* KeyboardOverlay.swift in Sources */,
				B2E8AEAE2C0C8B36006EF51C /* KeyGestureLookupTable.swift in Sources */,
				B2E23DAA2C00311E0049EBFD /* AppDelegate.swift in Sources */,
				B285A5F62C0CC0D400817E90 /* Automata.swift in Sources */,
				B2E8AEA92C0C5D7B006EF51C /* KeyboardKey.swift in Sources */,
				B2E23DAC2C00311E0049EBFD /* SceneDelegate.swift in Sources */,
			);
			runOnlyForDeploymentPostprocessing = 0;
		};
		B2E23DBD2C00312C0049EBFD /* Sources */ = {
			isa = PBXSourcesBuildPhase;
			buildActionMask = 2147483647;
			files = (
				B2E23DC42C00312C0049EBFD /* KeyboardViewController.swift in Sources */,
				B2E8AEA72C0C5C79006EF51C /* KeyboardConstants.swift in Sources */,
				B215DFE12C005DBD004BBB1A /* KeyboardState.swift in Sources */,
			);
			runOnlyForDeploymentPostprocessing = 0;
		};
/* End PBXSourcesBuildPhase section */

/* Begin PBXTargetDependency section */
		B2E23DC72C00312C0049EBFD /* PBXTargetDependency */ = {
			isa = PBXTargetDependency;
			target = B2E23DC02C00312C0049EBFD /* Keyboard */;
			targetProxy = B2E23DC62C00312C0049EBFD /* PBXContainerItemProxy */;
		};
/* End PBXTargetDependency section */

/* Begin PBXVariantGroup section */
		B2E23DB42C00311F0049EBFD /* LaunchScreen.storyboard */ = {
			isa = PBXVariantGroup;
			children = (
				B2E23DB52C00311F0049EBFD /* Base */,
				B2E23DCD2C003AFC0049EBFD /* ko */,
			);
			name = LaunchScreen.storyboard;
			sourceTree = "<group>";
		};
/* End PBXVariantGroup section */

/* Begin XCBuildConfiguration section */
		B2E23DB82C00311F0049EBFD /* Debug */ = {
			isa = XCBuildConfiguration;
			buildSettings = {
				ALWAYS_SEARCH_USER_PATHS = NO;
				ASSETCATALOG_COMPILER_GENERATE_SWIFT_ASSET_SYMBOL_EXTENSIONS = YES;
				CLANG_ANALYZER_LOCALIZABILITY_NONLOCALIZED = YES;
				CLANG_ANALYZER_NONNULL = YES;
				CLANG_ANALYZER_NUMBER_OBJECT_CONVERSION = YES_AGGRESSIVE;
				CLANG_CXX_LANGUAGE_STANDARD = "gnu++20";
				CLANG_ENABLE_MODULES = YES;
				CLANG_ENABLE_OBJC_ARC = YES;
				CLANG_ENABLE_OBJC_WEAK = YES;
				CLANG_WARN_BLOCK_CAPTURE_AUTORELEASING = YES;
				CLANG_WARN_BOOL_CONVERSION = YES;
				CLANG_WARN_COMMA = YES;
				CLANG_WARN_CONSTANT_CONVERSION = YES;
				CLANG_WARN_DEPRECATED_OBJC_IMPLEMENTATIONS = YES;
				CLANG_WARN_DIRECT_OBJC_ISA_USAGE = YES_ERROR;
				CLANG_WARN_DOCUMENTATION_COMMENTS = YES;
				CLANG_WARN_EMPTY_BODY = YES;
				CLANG_WARN_ENUM_CONVERSION = YES;
				CLANG_WARN_INFINITE_RECURSION = YES;
				CLANG_WARN_INT_CONVERSION = YES;
				CLANG_WARN_NON_LITERAL_NULL_CONVERSION = YES;
				CLANG_WARN_OBJC_IMPLICIT_RETAIN_SELF = YES;
				CLANG_WARN_OBJC_LITERAL_CONVERSION = YES;
				CLANG_WARN_OBJC_ROOT_CLASS = YES_ERROR;
				CLANG_WARN_QUOTED_INCLUDE_IN_FRAMEWORK_HEADER = YES;
				CLANG_WARN_RANGE_LOOP_ANALYSIS = YES;
				CLANG_WARN_STRICT_PROTOTYPES = YES;
				CLANG_WARN_SUSPICIOUS_MOVE = YES;
				CLANG_WARN_UNGUARDED_AVAILABILITY = YES_AGGRESSIVE;
				CLANG_WARN_UNREACHABLE_CODE = YES;
				CLANG_WARN__DUPLICATE_METHOD_MATCH = YES;
				COPY_PHASE_STRIP = NO;
				DEBUG_INFORMATION_FORMAT = dwarf;
				ENABLE_STRICT_OBJC_MSGSEND = YES;
				ENABLE_TESTABILITY = YES;
				ENABLE_USER_SCRIPT_SANDBOXING = YES;
				GCC_C_LANGUAGE_STANDARD = gnu17;
				GCC_DYNAMIC_NO_PIC = NO;
				GCC_NO_COMMON_BLOCKS = YES;
				GCC_OPTIMIZATION_LEVEL = 0;
				GCC_PREPROCESSOR_DEFINITIONS = (
					"DEBUG=1",
					"$(inherited)",
				);
				GCC_WARN_64_TO_32_BIT_CONVERSION = YES;
				GCC_WARN_ABOUT_RETURN_TYPE = YES_ERROR;
				GCC_WARN_UNDECLARED_SELECTOR = YES;
				GCC_WARN_UNINITIALIZED_AUTOS = YES_AGGRESSIVE;
				GCC_WARN_UNUSED_FUNCTION = YES;
				GCC_WARN_UNUSED_VARIABLE = YES;
				IPHONEOS_DEPLOYMENT_TARGET = 15.0;
				LOCALIZATION_PREFERS_STRING_CATALOGS = YES;
				MTL_ENABLE_DEBUG_INFO = INCLUDE_SOURCE;
				MTL_FAST_MATH = YES;
				ONLY_ACTIVE_ARCH = YES;
				SDKROOT = iphoneos;
				SWIFT_ACTIVE_COMPILATION_CONDITIONS = "DEBUG $(inherited)";
				SWIFT_OPTIMIZATION_LEVEL = "-Onone";
			};
			name = Debug;
		};
		B2E23DB92C00311F0049EBFD /* Release */ = {
			isa = XCBuildConfiguration;
			buildSettings = {
				ALWAYS_SEARCH_USER_PATHS = NO;
				ASSETCATALOG_COMPILER_GENERATE_SWIFT_ASSET_SYMBOL_EXTENSIONS = YES;
				CLANG_ANALYZER_LOCALIZABILITY_NONLOCALIZED = YES;
				CLANG_ANALYZER_NONNULL = YES;
				CLANG_ANALYZER_NUMBER_OBJECT_CONVERSION = YES_AGGRESSIVE;
				CLANG_CXX_LANGUAGE_STANDARD = "gnu++20";
				CLANG_ENABLE_MODULES = YES;
				CLANG_ENABLE_OBJC_ARC = YES;
				CLANG_ENABLE_OBJC_WEAK = YES;
				CLANG_WARN_BLOCK_CAPTURE_AUTORELEASING = YES;
				CLANG_WARN_BOOL_CONVERSION = YES;
				CLANG_WARN_COMMA = YES;
				CLANG_WARN_CONSTANT_CONVERSION = YES;
				CLANG_WARN_DEPRECATED_OBJC_IMPLEMENTATIONS = YES;
				CLANG_WARN_DIRECT_OBJC_ISA_USAGE = YES_ERROR;
				CLANG_WARN_DOCUMENTATION_COMMENTS = YES;
				CLANG_WARN_EMPTY_BODY = YES;
				CLANG_WARN_ENUM_CONVERSION = YES;
				CLANG_WARN_INFINITE_RECURSION = YES;
				CLANG_WARN_INT_CONVERSION = YES;
				CLANG_WARN_NON_LITERAL_NULL_CONVERSION = YES;
				CLANG_WARN_OBJC_IMPLICIT_RETAIN_SELF = YES;
				CLANG_WARN_OBJC_LITERAL_CONVERSION = YES;
				CLANG_WARN_OBJC_ROOT_CLASS = YES_ERROR;
				CLANG_WARN_QUOTED_INCLUDE_IN_FRAMEWORK_HEADER = YES;
				CLANG_WARN_RANGE_LOOP_ANALYSIS = YES;
				CLANG_WARN_STRICT_PROTOTYPES = YES;
				CLANG_WARN_SUSPICIOUS_MOVE = YES;
				CLANG_WARN_UNGUARDED_AVAILABILITY = YES_AGGRESSIVE;
				CLANG_WARN_UNREACHABLE_CODE = YES;
				CLANG_WARN__DUPLICATE_METHOD_MATCH = YES;
				COPY_PHASE_STRIP = NO;
				DEBUG_INFORMATION_FORMAT = "dwarf-with-dsym";
				ENABLE_NS_ASSERTIONS = NO;
				ENABLE_STRICT_OBJC_MSGSEND = YES;
				ENABLE_USER_SCRIPT_SANDBOXING = YES;
				GCC_C_LANGUAGE_STANDARD = gnu17;
				GCC_NO_COMMON_BLOCKS = YES;
				GCC_WARN_64_TO_32_BIT_CONVERSION = YES;
				GCC_WARN_ABOUT_RETURN_TYPE = YES_ERROR;
				GCC_WARN_UNDECLARED_SELECTOR = YES;
				GCC_WARN_UNINITIALIZED_AUTOS = YES_AGGRESSIVE;
				GCC_WARN_UNUSED_FUNCTION = YES;
				GCC_WARN_UNUSED_VARIABLE = YES;
				IPHONEOS_DEPLOYMENT_TARGET = 15.0;
				LOCALIZATION_PREFERS_STRING_CATALOGS = YES;
				MTL_ENABLE_DEBUG_INFO = NO;
				MTL_FAST_MATH = YES;
				SDKROOT = iphoneos;
				SWIFT_COMPILATION_MODE = wholemodule;
				VALIDATE_PRODUCT = YES;
			};
			name = Release;
		};
		B2E23DBB2C00311F0049EBFD /* Debug */ = {
			isa = XCBuildConfiguration;
			buildSettings = {
				ALWAYS_EMBED_SWIFT_STANDARD_LIBRARIES = YES;
				ASSETCATALOG_COMPILER_APPICON_NAME = AppIcon;
				ASSETCATALOG_COMPILER_GLOBAL_ACCENT_COLOR_NAME = AccentColor;
				CODE_SIGN_STYLE = Automatic;
				CURRENT_PROJECT_VERSION = 1;
				GENERATE_INFOPLIST_FILE = YES;
				INFOPLIST_FILE = KeyboardExperiment/Info.plist;
				INFOPLIST_KEY_UIApplicationSupportsIndirectInputEvents = YES;
				INFOPLIST_KEY_UILaunchStoryboardName = LaunchScreen;
				INFOPLIST_KEY_UIMainStoryboardFile = "";
				INFOPLIST_KEY_UISupportedInterfaceOrientations_iPad = "UIInterfaceOrientationPortrait UIInterfaceOrientationPortraitUpsideDown UIInterfaceOrientationLandscapeLeft UIInterfaceOrientationLandscapeRight";
				INFOPLIST_KEY_UISupportedInterfaceOrientations_iPhone = "UIInterfaceOrientationPortrait UIInterfaceOrientationLandscapeLeft UIInterfaceOrientationLandscapeRight";
				IPHONEOS_DEPLOYMENT_TARGET = 15.0;
				LD_RUNPATH_SEARCH_PATHS = (
					"$(inherited)",
					"@executable_path/Frameworks",
				);
				MARKETING_VERSION = 1.0;
				PRODUCT_BUNDLE_IDENTIFIER = com.n30gu1.KeyboardExperiment;
				PRODUCT_NAME = "$(TARGET_NAME)";
				SWIFT_EMIT_LOC_STRINGS = YES;
				SWIFT_VERSION = 5.0;
				TARGETED_DEVICE_FAMILY = "1,2";
			};
			name = Debug;
		};
		B2E23DBC2C00311F0049EBFD /* Release */ = {
			isa = XCBuildConfiguration;
			buildSettings = {
				ALWAYS_EMBED_SWIFT_STANDARD_LIBRARIES = YES;
				ASSETCATALOG_COMPILER_APPICON_NAME = AppIcon;
				ASSETCATALOG_COMPILER_GLOBAL_ACCENT_COLOR_NAME = AccentColor;
				CODE_SIGN_STYLE = Automatic;
				CURRENT_PROJECT_VERSION = 1;
				GENERATE_INFOPLIST_FILE = YES;
				INFOPLIST_FILE = KeyboardExperiment/Info.plist;
				INFOPLIST_KEY_UIApplicationSupportsIndirectInputEvents = YES;
				INFOPLIST_KEY_UILaunchStoryboardName = LaunchScreen;
				INFOPLIST_KEY_UIMainStoryboardFile = "";
				INFOPLIST_KEY_UISupportedInterfaceOrientations_iPad = "UIInterfaceOrientationPortrait UIInterfaceOrientationPortraitUpsideDown UIInterfaceOrientationLandscapeLeft UIInterfaceOrientationLandscapeRight";
				INFOPLIST_KEY_UISupportedInterfaceOrientations_iPhone = "UIInterfaceOrientationPortrait UIInterfaceOrientationLandscapeLeft UIInterfaceOrientationLandscapeRight";
				IPHONEOS_DEPLOYMENT_TARGET = 15.0;
				LD_RUNPATH_SEARCH_PATHS = (
					"$(inherited)",
					"@executable_path/Frameworks",
				);
				MARKETING_VERSION = 1.0;
				PRODUCT_BUNDLE_IDENTIFIER = com.n30gu1.KeyboardExperiment;
				PRODUCT_NAME = "$(TARGET_NAME)";
				SWIFT_EMIT_LOC_STRINGS = YES;
				SWIFT_VERSION = 5.0;
				TARGETED_DEVICE_FAMILY = "1,2";
			};
			name = Release;
		};
		B2E23DCA2C00312C0049EBFD /* Debug */ = {
			isa = XCBuildConfiguration;
			buildSettings = {
				CODE_SIGN_STYLE = Automatic;
				CURRENT_PROJECT_VERSION = 1;
				GENERATE_INFOPLIST_FILE = YES;
				INFOPLIST_FILE = Keyboard/Info.plist;
				INFOPLIST_KEY_CFBundleDisplayName = Keyboard;
				INFOPLIST_KEY_NSHumanReadableCopyright = "";
				IPHONEOS_DEPLOYMENT_TARGET = 15.0;
				LD_RUNPATH_SEARCH_PATHS = (
					"$(inherited)",
					"@executable_path/Frameworks",
					"@executable_path/../../Frameworks",
				);
				MARKETING_VERSION = 1.0;
				PRODUCT_BUNDLE_IDENTIFIER = com.n30gu1.KeyboardExperiment.Keyboard;
				PRODUCT_NAME = "$(TARGET_NAME)";
				SKIP_INSTALL = YES;
				SWIFT_EMIT_LOC_STRINGS = YES;
				SWIFT_VERSION = 5.0;
				TARGETED_DEVICE_FAMILY = "1,2";
			};
			name = Debug;
		};
		B2E23DCB2C00312C0049EBFD /* Release */ = {
			isa = XCBuildConfiguration;
			buildSettings = {
				CODE_SIGN_STYLE = Automatic;
				CURRENT_PROJECT_VERSION = 1;
				GENERATE_INFOPLIST_FILE = YES;
				INFOPLIST_FILE = Keyboard/Info.plist;
				INFOPLIST_KEY_CFBundleDisplayName = Keyboard;
				INFOPLIST_KEY_NSHumanReadableCopyright = "";
				IPHONEOS_DEPLOYMENT_TARGET = 15.0;
				LD_RUNPATH_SEARCH_PATHS = (
					"$(inherited)",
					"@executable_path/Frameworks",
					"@executable_path/../../Frameworks",
				);
				MARKETING_VERSION = 1.0;
				PRODUCT_BUNDLE_IDENTIFIER = com.n30gu1.KeyboardExperiment.Keyboard;
				PRODUCT_NAME = "$(TARGET_NAME)";
				SKIP_INSTALL = YES;
				SWIFT_EMIT_LOC_STRINGS = YES;
				SWIFT_VERSION = 5.0;
				TARGETED_DEVICE_FAMILY = "1,2";
			};
			name = Release;
		};
/* End XCBuildConfiguration section */

/* Begin XCConfigurationList section */
		B2E23DA12C00311E0049EBFD /* Build configuration list for PBXProject "KeyboardExperiment" */ = {
			isa = XCConfigurationList;
			buildConfigurations = (
				B2E23DB82C00311F0049EBFD /* Debug */,
				B2E23DB92C00311F0049EBFD /* Release */,
			);
			defaultConfigurationIsVisible = 0;
			defaultConfigurationName = Release;
		};
		B2E23DBA2C00311F0049EBFD /* Build configuration list for PBXNativeTarget "KeyboardExperiment" */ = {
			isa = XCConfigurationList;
			buildConfigurations = (
				B2E23DBB2C00311F0049EBFD /* Debug */,
				B2E23DBC2C00311F0049EBFD /* Release */,
			);
			defaultConfigurationIsVisible = 0;
			defaultConfigurationName = Release;
		};
		B2E23DC92C00312C0049EBFD /* Build configuration list for PBXNativeTarget "Keyboard" */ = {
			isa = XCConfigurationList;
			buildConfigurations = (
				B2E23DCA2C00312C0049EBFD /* Debug */,
				B2E23DCB2C00312C0049EBFD /* Release */,
			);
			defaultConfigurationIsVisible = 0;
			defaultConfigurationName = Release;
		};
/* End XCConfigurationList section */
	};
	rootObject = B2E23D9E2C00311E0049EBFD /* Project object */;
}
